github.com/davecgh/go-spew v1.1.0 h1:ZDRjVQ15GmhC3fiQ8ni8+OwkZQO4DARzQgrnXU1Liz8=
github.com/pmezard/go-difflib v1.0.0 h1:4DBwDE0NGyQoBHbLQYPwSUPoCMWR5BEzIk/f1lZbAQM=
github.com/stretchr/testify v1.7.1 h1:5TQK59W5E3v0r2duFAb7P95B6hEeOyEnHRa8MjYSMTY=
golang.org/x/net v0.0.0-20220225172249-27dd8689420f h1:oA4XRj0qtSt8Yo1Zms0CUlsT3KG69V2UGQWPBxujDmc=
golang.org/x/net v0.0.0-20220225172249-27dd8689420f/go.mod h1:CfG3xpIq0wQ8r1q4Su4UZFWDARRcnwPjda9FqA0JpMk=
gopkg.in/nntp.v0 v0.0.0-20220926000000-a6b2687471da h1:36veD6QBNOhKyw1r+ozovcn/0PoAG5imUPvtzhygls0=
gopkg.in/nntp.v0 v0.0.0-20220926000000-a6b2687471da/go.mod h1:8ovNFKrrdwJweel/oNqZixDcS+PcAPdLPeBRQSgxdpY=
gopkg.in/option.v0 v0.0.0-20220910000000-360f43518c40 h1:F5GXi2F4Ay44oV5rJ6BbsOZl4nYrb1Fv7w14KeTVj3g=
gopkg.in/option.v0 v0.0.0-20220910000000-360f43518c40/go.mod h1:0NoLVhT/Lh19J02e6eFvBzkP8s+twOpvDEnu3HLFAWw=
gopkg.in/rx.v0 v0.0.0-20220421053708-ed88ff42144d h1:EYoMNi1YprUq+agxrcBEWjtBqwNjxMKE9GUQcbntVhg=
gopkg.in/rx.v0 v0.0.0-20220421053708-ed88ff42144d/go.mod h1:XtsaV+mcmcTfi1MHPgTPV+I81Rq0oUCLpRrWz0dmemQ=
gopkg.in/tomb.v2 v2.0.0-20161208151619-d5d1b5820637 h1:yiW+nvdHb9LVqSHQBXfZCieqV4fzYhNBql77zY0ykqs=
gopkg.in/tomb.v2 v2.0.0-20161208151619-d5d1b5820637/go.mod h1:BHsqpu/nsuzkT5BpiH1EMZPLyqSMM8JbIavyFACoFNk=
gopkg.in/yaml.v3 v3.0.0-20200313102051-9f266ea9e77c h1:dUUwHk2QECo/6vqA44rthZ8ie2QXMNeKRTHCNY2nXvo=
